{
  "requires": true,
  "lockfileVersion": 1,
  "dependencies": {
    "vue-carousel-3d": {
      "version": "0.2.0",
      "resolved": "https://registry.npmjs.org/vue-carousel-3d/-/vue-carousel-3d-0.2.0.tgz",
      "integrity": "sha512-soZChzi9l81pvK0xgXlfEO+E2Oc1Uj9UPAC/KOBLJHr2VPDQwwybP3CVwlOlDRBeZF/KGn0oEtjQ6YjtjHW2ew=="
    }
  }
}
